// !$*UTF8*$!
{
	archiveVersion = 1;
	classes = {
	};
	objectVersion = 48;
	objects = {

/* Begin PBXBuildFile section */
		CA5C5AC50EB336DD96DC0FDE /* Pods_RodrigoLG.framework in Frameworks */ = {isa = PBXBuildFile; fileRef = DDAF20F9BC20C93340DFC09A /* Pods_RodrigoLG.framework */; };
		CEBC6A592017F2BE0014C11F /* NewsTableViewCell.swift in Sources */ = {isa = PBXBuildFile; fileRef = CEBC6A582017F2BE0014C11F /* NewsTableViewCell.swift */; };
		CEBC6A5B2017F6A50014C11F /* FadingTableView.swift in Sources */ = {isa = PBXBuildFile; fileRef = CEBC6A5A2017F6A50014C11F /* FadingTableView.swift */; };
		CEBC6A622017FA630014C11F /* ProfileViewController.swift in Sources */ = {isa = PBXBuildFile; fileRef = CEBC6A612017FA630014C11F /* ProfileViewController.swift */; };
		CEBC6A65201800430014C11F /* UIImageView+download.swift in Sources */ = {isa = PBXBuildFile; fileRef = CEBC6A64201800430014C11F /* UIImageView+download.swift */; };
		CEBC6A68201800670014C11F /* BlogPost.swift in Sources */ = {isa = PBXBuildFile; fileRef = CEBC6A67201800670014C11F /* BlogPost.swift */; };
		CEBC6A6A2018007C0014C11F /* Helpers.swift in Sources */ = {isa = PBXBuildFile; fileRef = CEBC6A692018007C0014C11F /* Helpers.swift */; };
		CEBD20852017E27E00DFCBAF /* AppDelegate.swift in Sources */ = {isa = PBXBuildFile; fileRef = CEBD20842017E27E00DFCBAF /* AppDelegate.swift */; };
		CEBD20872017E27E00DFCBAF /* HomeViewController.swift in Sources */ = {isa = PBXBuildFile; fileRef = CEBD20862017E27E00DFCBAF /* HomeViewController.swift */; };
		CEBD208A2017E27E00DFCBAF /* Main.storyboard in Resources */ = {isa = PBXBuildFile; fileRef = CEBD20882017E27E00DFCBAF /* Main.storyboard */; };
		CEBD208C2017E27E00DFCBAF /* Assets.xcassets in Resources */ = {isa = PBXBuildFile; fileRef = CEBD208B2017E27E00DFCBAF /* Assets.xcassets */; };
		CEBD208F2017E27E00DFCBAF /* LaunchScreen.storyboard in Resources */ = {isa = PBXBuildFile; fileRef = CEBD208D2017E27E00DFCBAF /* LaunchScreen.storyboard */; };
/* End PBXBuildFile section */

/* Begin PBXFileReference section */
		05AD22D878B24323B81E7936 /* Pods-RodrigoLG.release.xcconfig */ = {isa = PBXFileReference; includeInIndex = 1; lastKnownFileType = text.xcconfig; name = "Pods-RodrigoLG.release.xcconfig"; path = "Pods/Target Support Files/Pods-RodrigoLG/Pods-RodrigoLG.release.xcconfig"; sourceTree = "<group>"; };
		CA7DE8FD161045448D170D09 /* Pods-RodrigoLG.debug.xcconfig */ = {isa = PBXFileReference; includeInIndex = 1; lastKnownFileType = text.xcconfig; name = "Pods-RodrigoLG.debug.xcconfig"; path = "Pods/Target Support Files/Pods-RodrigoLG/Pods-RodrigoLG.debug.xcconfig"; sourceTree = "<group>"; };
		CEBC6A582017F2BE0014C11F /* NewsTableViewCell.swift */ = {isa = PBXFileReference; lastKnownFileType = sourcecode.swift; path = NewsTableViewCell.swift; sourceTree = "<group>"; };
		CEBC6A5A2017F6A50014C11F /* FadingTableView.swift */ = {isa = PBXFileReference; lastKnownFileType = sourcecode.swift; path = FadingTableView.swift; sourceTree = "<group>"; };
		CEBC6A612017FA630014C11F /* ProfileViewController.swift */ = {isa = PBXFileReference; lastKnownFileType = sourcecode.swift; path = ProfileViewController.swift; sourceTree = "<group>"; };
		CEBC6A64201800430014C11F /* UIImageView+download.swift */ = {isa = PBXFileReference; lastKnownFileType = sourcecode.swift; path = "UIImageView+download.swift"; sourceTree = "<group>"; };
		CEBC6A67201800670014C11F /* BlogPost.swift */ = {isa = PBXFileReference; fileEncoding = 4; lastKnownFileType = sourcecode.swift; path = BlogPost.swift; sourceTree = "<group>"; };
		CEBC6A692018007C0014C11F /* Helpers.swift */ = {isa = PBXFileReference; fileEncoding = 4; lastKnownFileType = sourcecode.swift; path = Helpers.swift; sourceTree = "<group>"; };
		CEBD20812017E27E00DFCBAF /* RodrigoLG.app */ = {isa = PBXFileReference; explicitFileType = wrapper.application; includeInIndex = 0; path = RodrigoLG.app; sourceTree = BUILT_PRODUCTS_DIR; };
		CEBD20842017E27E00DFCBAF /* AppDelegate.swift */ = {isa = PBXFileReference; lastKnownFileType = sourcecode.swift; path = AppDelegate.swift; sourceTree = "<group>"; };
		CEBD20862017E27E00DFCBAF /* HomeViewController.swift */ = {isa = PBXFileReference; lastKnownFileType = sourcecode.swift; path = HomeViewController.swift; sourceTree = "<group>"; };
		CEBD20892017E27E00DFCBAF /* Base */ = {isa = PBXFileReference; lastKnownFileType = file.storyboard; name = Base; path = Base.lproj/Main.storyboard; sourceTree = "<group>"; };
		CEBD208B2017E27E00DFCBAF /* Assets.xcassets */ = {isa = PBXFileReference; lastKnownFileType = folder.assetcatalog; path = Assets.xcassets; sourceTree = "<group>"; };
		CEBD208E2017E27E00DFCBAF /* Base */ = {isa = PBXFileReference; lastKnownFileType = file.storyboard; name = Base; path = Base.lproj/LaunchScreen.storyboard; sourceTree = "<group>"; };
		CEBD20902017E27E00DFCBAF /* Info.plist */ = {isa = PBXFileReference; lastKnownFileType = text.plist.xml; path = Info.plist; sourceTree = "<group>"; };
		DDAF20F9BC20C93340DFC09A /* Pods_RodrigoLG.framework */ = {isa = PBXFileReference; explicitFileType = wrapper.framework; includeInIndex = 0; path = Pods_RodrigoLG.framework; sourceTree = BUILT_PRODUCTS_DIR; };
/* End PBXFileReference section */

/* Begin PBXFrameworksBuildPhase section */
		CEBD207E2017E27E00DFCBAF /* Frameworks */ = {
			isa = PBXFrameworksBuildPhase;
			buildActionMask = 2147483647;
			files = (
				CA5C5AC50EB336DD96DC0FDE /* Pods_RodrigoLG.framework in Frameworks */,
			);
			runOnlyForDeploymentPostprocessing = 0;
		};
/* End PBXFrameworksBuildPhase section */

/* Begin PBXGroup section */
		61B443875EE5E1C4AC17F400 /* Frameworks */ = {
			isa = PBXGroup;
			children = (
				DDAF20F9BC20C93340DFC09A /* Pods_RodrigoLG.framework */,
			);
			name = Frameworks;
			sourceTree = "<group>";
		};
		8A2E09960E1B79824D0DC528 /* Pods */ = {
			isa = PBXGroup;
			children = (
				CA7DE8FD161045448D170D09 /* Pods-RodrigoLG.debug.xcconfig */,
				05AD22D878B24323B81E7936 /* Pods-RodrigoLG.release.xcconfig */,
			);
			name = Pods;
			sourceTree = "<group>";
		};
		CEBC6A572017F2A70014C11F /* TableViews */ = {
			isa = PBXGroup;
			children = (
				CEBC6A582017F2BE0014C11F /* NewsTableViewCell.swift */,
				CEBC6A5A2017F6A50014C11F /* FadingTableView.swift */,
			);
			path = TableViews;
			sourceTree = "<group>";
		};
		CEBC6A5C2017F9C80014C11F /* Controllers */ = {
			isa = PBXGroup;
			children = (
				CEBD20862017E27E00DFCBAF /* HomeViewController.swift */,
				CEBC6A612017FA630014C11F /* ProfileViewController.swift */,
			);
			path = Controllers;
			sourceTree = "<group>";
		};
		CEBC6A632018002C0014C11F /* Helpers */ = {
			isa = PBXGroup;
			children = (
				CEBC6A692018007C0014C11F /* Helpers.swift */,
				CEBC6A64201800430014C11F /* UIImageView+download.swift */,
			);
			path = Helpers;
			sourceTree = "<group>";
		};
		CEBC6A66201800590014C11F /* BlogHandling */ = {
			isa = PBXGroup;
			children = (
				CEBC6A67201800670014C11F /* BlogPost.swift */,
			);
			path = BlogHandling;
			sourceTree = "<group>";
		};
		CEBD20782017E27E00DFCBAF = {
			isa = PBXGroup;
			children = (
				CEBD20832017E27E00DFCBAF /* RodrigoLG */,
				CEBD20822017E27E00DFCBAF /* Products */,
				8A2E09960E1B79824D0DC528 /* Pods */,
				61B443875EE5E1C4AC17F400 /* Frameworks */,
			);
			sourceTree = "<group>";
		};
		CEBD20822017E27E00DFCBAF /* Products */ = {
			isa = PBXGroup;
			children = (
				CEBD20812017E27E00DFCBAF /* RodrigoLG.app */,
			);
			name = Products;
			sourceTree = "<group>";
		};
		CEBD20832017E27E00DFCBAF /* RodrigoLG */ = {
			isa = PBXGroup;
			children = (
				CEBC6A66201800590014C11F /* BlogHandling */,
				CEBC6A632018002C0014C11F /* Helpers */,
				CEBC6A5C2017F9C80014C11F /* Controllers */,
				CEBC6A572017F2A70014C11F /* TableViews */,
				CEBD20842017E27E00DFCBAF /* AppDelegate.swift */,
				CEBD20882017E27E00DFCBAF /* Main.storyboard */,
				CEBD208B2017E27E00DFCBAF /* Assets.xcassets */,
				CEBD208D2017E27E00DFCBAF /* LaunchScreen.storyboard */,
				CEBD20902017E27E00DFCBAF /* Info.plist */,
			);
			path = RodrigoLG;
			sourceTree = "<group>";
		};
/* End PBXGroup section */

/* Begin PBXNativeTarget section */
		CEBD20802017E27E00DFCBAF /* RodrigoLG */ = {
			isa = PBXNativeTarget;
			buildConfigurationList = CEBD20932017E27E00DFCBAF /* Build configuration list for PBXNativeTarget "RodrigoLG" */;
			buildPhases = (
				E17E063475C3A5EDF20C1A8F /* [CP] Check Pods Manifest.lock */,
				CEBD207D2017E27E00DFCBAF /* Sources */,
				CEBD207E2017E27E00DFCBAF /* Frameworks */,
				CEBD207F2017E27E00DFCBAF /* Resources */,
				ED8B0FE920510F9006D64655 /* [CP] Embed Pods Frameworks */,
				EFE10C1F1F760BFCC226B4FD /* [CP] Copy Pods Resources */,
			);
			buildRules = (
			);
			dependencies = (
			);
			name = RodrigoLG;
			productName = RodrigoLG;
			productReference = CEBD20812017E27E00DFCBAF /* RodrigoLG.app */;
			productType = "com.apple.product-type.application";
		};
/* End PBXNativeTarget section */

/* Begin PBXProject section */
		CEBD20792017E27E00DFCBAF /* Project object */ = {
			isa = PBXProject;
			attributes = {
				LastSwiftUpdateCheck = 0920;
				LastUpgradeCheck = 0920;
				ORGANIZATIONNAME = RodrigoLG;
				TargetAttributes = {
					CEBD20802017E27E00DFCBAF = {
						CreatedOnToolsVersion = 9.2;
						ProvisioningStyle = Automatic;
					};
				};
			};
			buildConfigurationList = CEBD207C2017E27E00DFCBAF /* Build configuration list for PBXProject "RodrigoLG" */;
			compatibilityVersion = "Xcode 8.0";
			developmentRegion = en;
			hasScannedForEncodings = 0;
			knownRegions = (
				en,
				Base,
			);
			mainGroup = CEBD20782017E27E00DFCBAF;
			productRefGroup = CEBD20822017E27E00DFCBAF /* Products */;
			projectDirPath = "";
			projectRoot = "";
			targets = (
				CEBD20802017E27E00DFCBAF /* RodrigoLG */,
			);
		};
/* End PBXProject section */

/* Begin PBXResourcesBuildPhase section */
		CEBD207F2017E27E00DFCBAF /* Resources */ = {
			isa = PBXResourcesBuildPhase;
			buildActionMask = 2147483647;
			files = (
				CEBD208F2017E27E00DFCBAF /* LaunchScreen.storyboard in Resources */,
				CEBD208C2017E27E00DFCBAF /* Assets.xcassets in Resources */,
				CEBD208A2017E27E00DFCBAF /* Main.storyboard in Resources */,
			);
			runOnlyForDeploymentPostprocessing = 0;
		};
/* End PBXResourcesBuildPhase section */

/* Begin PBXShellScriptBuildPhase section */
		E17E063475C3A5EDF20C1A8F /* [CP] Check Pods Manifest.lock */ = {
			isa = PBXShellScriptBuildPhase;
			buildActionMask = 2147483647;
			files = (
			);
			inputPaths = (
				"${PODS_PODFILE_DIR_PATH}/Podfile.lock",
				"${PODS_ROOT}/Manifest.lock",
			);
			name = "[CP] Check Pods Manifest.lock";
			outputPaths = (
				"$(DERIVED_FILE_DIR)/Pods-RodrigoLG-checkManifestLockResult.txt",
			);
			runOnlyForDeploymentPostprocessing = 0;
			shellPath = /bin/sh;
			shellScript = "diff \"${PODS_PODFILE_DIR_PATH}/Podfile.lock\" \"${PODS_ROOT}/Manifest.lock\" > /dev/null\nif [ $? != 0 ] ; then\n    # print error to STDERR\n    echo \"error: The sandbox is not in sync with the Podfile.lock. Run 'pod install' or update your CocoaPods installation.\" >&2\n    exit 1\nfi\n# This output is used by Xcode 'outputs' to avoid re-running this script phase.\necho \"SUCCESS\" > \"${SCRIPT_OUTPUT_FILE_0}\"\n";
			showEnvVarsInLog = 0;
		};
		ED8B0FE920510F9006D64655 /* [CP] Embed Pods Frameworks */ = {
			isa = PBXShellScriptBuildPhase;
			buildActionMask = 2147483647;
			files = (
			);
			inputPaths = (
				"${SRCROOT}/Pods/Target Support Files/Pods-RodrigoLG/Pods-RodrigoLG-frameworks.sh",
				"${BUILT_PRODUCTS_DIR}/ChameleonFramework/ChameleonFramework.framework",
				"${BUILT_PRODUCTS_DIR}/Hero/Hero.framework",
			);
			name = "[CP] Embed Pods Frameworks";
			outputPaths = (
				"${TARGET_BUILD_DIR}/${FRAMEWORKS_FOLDER_PATH}/ChameleonFramework.framework",
				"${TARGET_BUILD_DIR}/${FRAMEWORKS_FOLDER_PATH}/Hero.framework",
			);
			runOnlyForDeploymentPostprocessing = 0;
			shellPath = /bin/sh;
			shellScript = "\"${SRCROOT}/Pods/Target Support Files/Pods-RodrigoLG/Pods-RodrigoLG-frameworks.sh\"\n";
			showEnvVarsInLog = 0;
		};
		EFE10C1F1F760BFCC226B4FD /* [CP] Copy Pods Resources */ = {
			isa = PBXShellScriptBuildPhase;
			buildActionMask = 2147483647;
			files = (
			);
			inputPaths = (
			);
			name = "[CP] Copy Pods Resources";
			outputPaths = (
			);
			runOnlyForDeploymentPostprocessing = 0;
			shellPath = /bin/sh;
			shellScript = "\"${SRCROOT}/Pods/Target Support Files/Pods-RodrigoLG/Pods-RodrigoLG-resources.sh\"\n";
			showEnvVarsInLog = 0;
		};
/* End PBXShellScriptBuildPhase section */

/* Begin PBXSourcesBuildPhase section */
		CEBD207D2017E27E00DFCBAF /* Sources */ = {
			isa = PBXSourcesBuildPhase;
			buildActionMask = 2147483647;
			files = (
				CEBC6A5B2017F6A50014C11F /* FadingTableView.swift in Sources */,
				CEBD20872017E27E00DFCBAF /* HomeViewController.swift in Sources */,
				CEBC6A622017FA630014C11F /* ProfileViewController.swift in Sources */,
				CEBC6A6A2018007C0014C11F /* Helpers.swift in Sources */,
				CEBC6A65201800430014C11F /* UIImageView+download.swift in Sources */,
				CEBC6A68201800670014C11F /* BlogPost.swift in Sources */,
				CEBD20852017E27E00DFCBAF /* AppDelegate.swift in Sources */,
				CEBC6A592017F2BE0014C11F /* NewsTableViewCell.swift in Sources */,
			);
			runOnlyForDeploymentPostprocessing = 0;
		};
/* End PBXSourcesBuildPhase section */

/* Begin PBXVariantGroup section */
		CEBD20882017E27E00DFCBAF /* Main.storyboard */ = {
			isa = PBXVariantGroup;
			children = (
				CEBD20892017E27E00DFCBAF /* Base */,
			);
			name = Main.storyboard;
			sourceTree = "<group>";
		};
		CEBD208D2017E27E00DFCBAF /* LaunchScreen.storyboard */ = {
			isa = PBXVariantGroup;
			children = (
				CEBD208E2017E27E00DFCBAF /* Base */,
			);
			name = LaunchScreen.storyboard;
			sourceTree = "<group>";
		};
/* End PBXVariantGroup section */

/* Begin XCBuildConfiguration section */
		CEBD20912017E27E00DFCBAF /* Debug */ = {
			isa = XCBuildConfiguration;
			buildSettings = {
				ALWAYS_SEARCH_USER_PATHS = NO;
				CLANG_ANALYZER_NONNULL = YES;
				CLANG_ANALYZER_NUMBER_OBJECT_CONVERSION = YES_AGGRESSIVE;
				CLANG_CXX_LANGUAGE_STANDARD = "gnu++14";
				CLANG_CXX_LIBRARY = "libc++";
				CLANG_ENABLE_MODULES = YES;
				CLANG_ENABLE_OBJC_ARC = YES;
				CLANG_WARN_BLOCK_CAPTURE_AUTORELEASING = YES;
				CLANG_WARN_BOOL_CONVERSION = YES;
				CLANG_WARN_COMMA = YES;
				CLANG_WARN_CONSTANT_CONVERSION = YES;
				CLANG_WARN_DIRECT_OBJC_ISA_USAGE = YES_ERROR;
				CLANG_WARN_DOCUMENTATION_COMMENTS = YES;
				CLANG_WARN_EMPTY_BODY = YES;
				CLANG_WARN_ENUM_CONVERSION = YES;
				CLANG_WARN_INFINITE_RECURSION = YES;
				CLANG_WARN_INT_CONVERSION = YES;
				CLANG_WARN_NON_LITERAL_NULL_CONVERSION = YES;
				CLANG_WARN_OBJC_LITERAL_CONVERSION = YES;
				CLANG_WARN_OBJC_ROOT_CLASS = YES_ERROR;
				CLANG_WARN_RANGE_LOOP_ANALYSIS = YES;
				CLANG_WARN_STRICT_PROTOTYPES = YES;
				CLANG_WARN_SUSPICIOUS_MOVE = YES;
				CLANG_WARN_UNGUARDED_AVAILABILITY = YES_AGGRESSIVE;
				CLANG_WARN_UNREACHABLE_CODE = YES;
				CLANG_WARN__DUPLICATE_METHOD_MATCH = YES;
				CODE_SIGN_IDENTITY = "iPhone Developer";
				COPY_PHASE_STRIP = NO;
				DEBUG_INFORMATION_FORMAT = dwarf;
				ENABLE_STRICT_OBJC_MSGSEND = YES;
				ENABLE_TESTABILITY = YES;
				GCC_C_LANGUAGE_STANDARD = gnu11;
				GCC_DYNAMIC_NO_PIC = NO;
				GCC_NO_COMMON_BLOCKS = YES;
				GCC_OPTIMIZATION_LEVEL = 0;
				GCC_PREPROCESSOR_DEFINITIONS = (
					"DEBUG=1",
					"$(inherited)",
				);
				GCC_WARN_64_TO_32_BIT_CONVERSION = YES;
				GCC_WARN_ABOUT_RETURN_TYPE = YES_ERROR;
				GCC_WARN_UNDECLARED_SELECTOR = YES;
				GCC_WARN_UNINITIALIZED_AUTOS = YES_AGGRESSIVE;
				GCC_WARN_UNUSED_FUNCTION = YES;
				GCC_WARN_UNUSED_VARIABLE = YES;
				IPHONEOS_DEPLOYMENT_TARGET = 11.2;
				MTL_ENABLE_DEBUG_INFO = YES;
				ONLY_ACTIVE_ARCH = YES;
				SDKROOT = iphoneos;
				SWIFT_ACTIVE_COMPILATION_CONDITIONS = DEBUG;
				SWIFT_OPTIMIZATION_LEVEL = "-Onone";
			};
			name = Debug;
		};
		CEBD20922017E27E00DFCBAF /* Release */ = {
			isa = XCBuildConfiguration;
			buildSettings = {
				ALWAYS_SEARCH_USER_PATHS = NO;
				CLANG_ANALYZER_NONNULL = YES;
				CLANG_ANALYZER_NUMBER_OBJECT_CONVERSION = YES_AGGRESSIVE;
				CLANG_CXX_LANGUAGE_STANDARD = "gnu++14";
				CLANG_CXX_LIBRARY = "libc++";
				CLANG_ENABLE_MODULES = YES;
				CLANG_ENABLE_OBJC_ARC = YES;
				CLANG_WARN_BLOCK_CAPTURE_AUTORELEASING = YES;
				CLANG_WARN_BOOL_CONVERSION = YES;
				CLANG_WARN_COMMA = YES;
				CLANG_WARN_CONSTANT_CONVERSION = YES;
				CLANG_WARN_DIRECT_OBJC_ISA_USAGE = YES_ERROR;
				CLANG_WARN_DOCUMENTATION_COMMENTS = YES;
				CLANG_WARN_EMPTY_BODY = YES;
				CLANG_WARN_ENUM_CONVERSION = YES;
				CLANG_WARN_INFINITE_RECURSION = YES;
				CLANG_WARN_INT_CONVERSION = YES;
				CLANG_WARN_NON_LITERAL_NULL_CONVERSION = YES;
				CLANG_WARN_OBJC_LITERAL_CONVERSION = YES;
				CLANG_WARN_OBJC_ROOT_CLASS = YES_ERROR;
				CLANG_WARN_RANGE_LOOP_ANALYSIS = YES;
				CLANG_WARN_STRICT_PROTOTYPES = YES;
				CLANG_WARN_SUSPICIOUS_MOVE = YES;
				CLANG_WARN_UNGUARDED_AVAILABILITY = YES_AGGRESSIVE;
				CLANG_WARN_UNREACHABLE_CODE = YES;
				CLANG_WARN__DUPLICATE_METHOD_MATCH = YES;
				CODE_SIGN_IDENTITY = "iPhone Developer";
				COPY_PHASE_STRIP = NO;
				DEBUG_INFORMATION_FORMAT = "dwarf-with-dsym";
				ENABLE_NS_ASSERTIONS = NO;
				ENABLE_STRICT_OBJC_MSGSEND = YES;
				GCC_C_LANGUAGE_STANDARD = gnu11;
				GCC_NO_COMMON_BLOCKS = YES;
				GCC_WARN_64_TO_32_BIT_CONVERSION = YES;
				GCC_WARN_ABOUT_RETURN_TYPE = YES_ERROR;
				GCC_WARN_UNDECLARED_SELECTOR = YES;
				GCC_WARN_UNINITIALIZED_AUTOS = YES_AGGRESSIVE;
				GCC_WARN_UNUSED_FUNCTION = YES;
				GCC_WARN_UNUSED_VARIABLE = YES;
				IPHONEOS_DEPLOYMENT_TARGET = 11.2;
				MTL_ENABLE_DEBUG_INFO = NO;
				SDKROOT = iphoneos;
				SWIFT_OPTIMIZATION_LEVEL = "-Owholemodule";
				VALIDATE_PRODUCT = YES;
			};
			name = Release;
		};
		CEBD20942017E27E00DFCBAF /* Debug */ = {
			isa = XCBuildConfiguration;
			baseConfigurationReference = CA7DE8FD161045448D170D09 /* Pods-RodrigoLG.debug.xcconfig */;
			buildSettings = {
				ASSETCATALOG_COMPILER_APPICON_NAME = AppIcon;
				CODE_SIGN_STYLE = Automatic;
				DEVELOPMENT_TEAM = 736XU9D7S8;
				INFOPLIST_FILE = RodrigoLG/Info.plist;
				LD_RUNPATH_SEARCH_PATHS = "$(inherited) @executable_path/Frameworks";
				PRODUCT_BUNDLE_IDENTIFIER = com.rodrigolg.RodrigoLG;
				PRODUCT_NAME = "$(TARGET_NAME)";
				SWIFT_VERSION = 4.0;
				TARGETED_DEVICE_FAMILY = "1,2";
			};
			name = Debug;
		};
		CEBD20952017E27E00DFCBAF /* Release */ = {
			isa = XCBuildConfiguration;
			baseConfigurationReference = 05AD22D878B24323B81E7936 /* Pods-RodrigoLG.release.xcconfig */;
			buildSettings = {
				ASSETCATALOG_COMPILER_APPICON_NAME = AppIcon;
				CODE_SIGN_STYLE = Automatic;
				DEVELOPMENT_TEAM = 736XU9D7S8;
				INFOPLIST_FILE = RodrigoLG/Info.plist;
				LD_RUNPATH_SEARCH_PATHS = "$(inherited) @executable_path/Frameworks";
				PRODUCT_BUNDLE_IDENTIFIER = com.rodrigolg.RodrigoLG;
				PRODUCT_NAME = "$(TARGET_NAME)";
				SWIFT_VERSION = 4.0;
				TARGETED_DEVICE_FAMILY = "1,2";
			};
			name = Release;
		};
/* End XCBuildConfiguration section */

/* Begin XCConfigurationList section */
		CEBD207C2017E27E00DFCBAF /* Build configuration list for PBXProject "RodrigoLG" */ = {
			isa = XCConfigurationList;
			buildConfigurations = (
				CEBD20912017E27E00DFCBAF /* Debug */,
				CEBD20922017E27E00DFCBAF /* Release */,
			);
			defaultConfigurationIsVisible = 0;
			defaultConfigurationName = Release;
		};
		CEBD20932017E27E00DFCBAF /* Build configuration list for PBXNativeTarget "RodrigoLG" */ = {
			isa = XCConfigurationList;
			buildConfigurations = (
				CEBD20942017E27E00DFCBAF /* Debug */,
				CEBD20952017E27E00DFCBAF /* Release */,
			);
			defaultConfigurationIsVisible = 0;
			defaultConfigurationName = Release;
		};
/* End XCConfigurationList section */
	};
	rootObject = CEBD20792017E27E00DFCBAF /* Project object */;
}
